
Microsoft Visual Studio Solution File, Format Version 12.00
# Visual Studio 14
VisualStudioVersion = 14.0.25420.1
MinimumVisualStudioVersion = 10.0.40219.1
Project("{FAE04EC0-301F-11D3-BF4B-00C04F79EFBC}") = "_1A2BGame", "1A2BGame\_1A2BGame\_1A2BGame.csproj", "{79FA7360-627F-4D53-A15F-0E1B171166E4}"
EndProject
Project("{FAE04EC0-301F-11D3-BF4B-00C04F79EFBC}") = "_1A2BGame.Droid", "1A2BGame\_1A2BGame.Droid\_1A2BGame.Droid.csproj", "{B63E97A0-55D2-4E89-9C0C-F2A3B346470F}"
EndProject
Project("{FAE04EC0-301F-11D3-BF4B-00C04F79EFBC}") = "_1A2BGame.iOS", "1A2BGame\_1A2BGame.iOS\_1A2BGame.iOS.csproj", "{69AB08B5-91D3-496F-AC7D-E3A2908410E3}"
EndProject
Project("{FAE04EC0-301F-11D3-BF4B-00C04F79EFBC}") = "_1A2BGame.WinPhone", "1A2BGame\_1A2BGame.WinPhone\_1A2BGame.WinPhone.csproj", "{9243CC35-84D1-4AB5-90E9-71D9C9A094E4}"
EndProject
Project("{FAE04EC0-301F-11D3-BF4B-00C04F79EFBC}") = "_1A2BGame.Windows", "1A2BGame\_1A2BGame.Windows\_1A2BGame.Windows.csproj", "{B1E710CA-DD3E-4B93-B41B-5FDFFE4ECFE2}"
EndProject
Project("{FAE04EC0-301F-11D3-BF4B-00C04F79EFBC}") = "GameBLL", "GameBLL\GameBLL.csproj", "{C304A675-66E2-443B-AF0E-DE42136EC068}"
EndProject
Project("{FAE04EC0-301F-11D3-BF4B-00C04F79EFBC}") = "GameModel", "GameModel\GameModel.csproj", "{DAF8E901-8180-442E-96DC-7FC5BE1807D7}"
EndProject
Global
	GlobalSection(SolutionConfigurationPlatforms) = preSolution
		Ad-Hoc|Any CPU = Ad-Hoc|Any CPU
		Ad-Hoc|ARM = Ad-Hoc|ARM
		Ad-Hoc|iPhone = Ad-Hoc|iPhone
		Ad-Hoc|iPhoneSimulator = Ad-Hoc|iPhoneSimulator
		Ad-Hoc|x64 = Ad-Hoc|x64
		Ad-Hoc|x86 = Ad-Hoc|x86
		AppStore|Any CPU = AppStore|Any CPU
		AppStore|ARM = AppStore|ARM
		AppStore|iPhone = AppStore|iPhone
		AppStore|iPhoneSimulator = AppStore|iPhoneSimulator
		AppStore|x64 = AppStore|x64
		AppStore|x86 = AppStore|x86
		Debug|Any CPU = Debug|Any CPU
		Debug|ARM = Debug|ARM
		Debug|iPhone = Debug|iPhone
		Debug|iPhoneSimulator = Debug|iPhoneSimulator
		Debug|x64 = Debug|x64
		Debug|x86 = Debug|x86
		Release|Any CPU = Release|Any CPU
		Release|ARM = Release|ARM
		Release|iPhone = Release|iPhone
		Release|iPhoneSimulator = Release|iPhoneSimulator
		Release|x64 = Release|x64
		Release|x86 = Release|x86
	EndGlobalSection
	GlobalSection(ProjectConfigurationPlatforms) = postSolution
		{79FA7360-627F-4D53-A15F-0E1B171166E4}.Ad-Hoc|Any CPU.ActiveCfg = Release|Any CPU
		{79FA7360-627F-4D53-A15F-0E1B171166E4}.Ad-Hoc|Any CPU.Build.0 = Release|Any CPU
		{79FA7360-627F-4D53-A15F-0E1B171166E4}.Ad-Hoc|ARM.ActiveCfg = Release|Any CPU
		{79FA7360-627F-4D53-A15F-0E1B171166E4}.Ad-Hoc|ARM.Build.0 = Release|Any CPU
		{79FA7360-627F-4D53-A15F-0E1B171166E4}.Ad-Hoc|iPhone.ActiveCfg = Release|Any CPU
		{79FA7360-627F-4D53-A15F-0E1B171166E4}.Ad-Hoc|iPhone.Build.0 = Release|Any CPU
		{79FA7360-627F-4D53-A15F-0E1B171166E4}.Ad-Hoc|iPhoneSimulator.ActiveCfg = Release|Any CPU
		{79FA7360-627F-4D53-A15F-0E1B171166E4}.Ad-Hoc|iPhoneSimulator.Build.0 = Release|Any CPU
		{79FA7360-627F-4D53-A15F-0E1B171166E4}.Ad-Hoc|x64.ActiveCfg = Release|Any CPU
		{79FA7360-627F-4D53-A15F-0E1B171166E4}.Ad-Hoc|x64.Build.0 = Release|Any CPU
		{79FA7360-627F-4D53-A15F-0E1B171166E4}.Ad-Hoc|x86.ActiveCfg = Release|Any CPU
		{79FA7360-627F-4D53-A15F-0E1B171166E4}.Ad-Hoc|x86.Build.0 = Release|Any CPU
		{79FA7360-627F-4D53-A15F-0E1B171166E4}.AppStore|Any CPU.ActiveCfg = Release|Any CPU
		{79FA7360-627F-4D53-A15F-0E1B171166E4}.AppStore|Any CPU.Build.0 = Release|Any CPU
		{79FA7360-627F-4D53-A15F-0E1B171166E4}.AppStore|ARM.ActiveCfg = Release|Any CPU
		{79FA7360-627F-4D53-A15F-0E1B171166E4}.AppStore|ARM.Build.0 = Release|Any CPU
		{79FA7360-627F-4D53-A15F-0E1B171166E4}.AppStore|iPhone.ActiveCfg = Release|Any CPU
		{79FA7360-627F-4D53-A15F-0E1B171166E4}.AppStore|iPhone.Build.0 = Release|Any CPU
		{79FA7360-627F-4D53-A15F-0E1B171166E4}.AppStore|iPhoneSimulator.ActiveCfg = Release|Any CPU
		{79FA7360-627F-4D53-A15F-0E1B171166E4}.AppStore|iPhoneSimulator.Build.0 = Release|Any CPU
		{79FA7360-627F-4D53-A15F-0E1B171166E4}.AppStore|x64.ActiveCfg = Release|Any CPU
		{79FA7360-627F-4D53-A15F-0E1B171166E4}.AppStore|x64.Build.0 = Release|Any CPU
		{79FA7360-627F-4D53-A15F-0E1B171166E4}.AppStore|x86.ActiveCfg = Release|Any CPU
		{79FA7360-627F-4D53-A15F-0E1B171166E4}.AppStore|x86.Build.0 = Release|Any CPU
		{79FA7360-627F-4D53-A15F-0E1B171166E4}.Debug|Any CPU.ActiveCfg = Debug|Any CPU
		{79FA7360-627F-4D53-A15F-0E1B171166E4}.Debug|Any CPU.Build.0 = Debug|Any CPU
		{79FA7360-627F-4D53-A15F-0E1B171166E4}.Debug|ARM.ActiveCfg = Debug|Any CPU
		{79FA7360-627F-4D53-A15F-0E1B171166E4}.Debug|ARM.Build.0 = Debug|Any CPU
		{79FA7360-627F-4D53-A15F-0E1B171166E4}.Debug|iPhone.ActiveCfg = Debug|Any CPU
		{79FA7360-627F-4D53-A15F-0E1B171166E4}.Debug|iPhone.Build.0 = Debug|Any CPU
		{79FA7360-627F-4D53-A15F-0E1B171166E4}.Debug|iPhoneSimulator.ActiveCfg = Debug|Any CPU
		{79FA7360-627F-4D53-A15F-0E1B171166E4}.Debug|iPhoneSimulator.Build.0 = Debug|Any CPU
		{79FA7360-627F-4D53-A15F-0E1B171166E4}.Debug|x64.ActiveCfg = Debug|Any CPU
		{79FA7360-627F-4D53-A15F-0E1B171166E4}.Debug|x64.Build.0 = Debug|Any CPU
		{79FA7360-627F-4D53-A15F-0E1B171166E4}.Debug|x86.ActiveCfg = Debug|Any CPU
		{79FA7360-627F-4D53-A15F-0E1B171166E4}.Debug|x86.Build.0 = Debug|Any CPU
		{79FA7360-627F-4D53-A15F-0E1B171166E4}.Release|Any CPU.ActiveCfg = Release|Any CPU
		{79FA7360-627F-4D53-A15F-0E1B171166E4}.Release|Any CPU.Build.0 = Release|Any CPU
		{79FA7360-627F-4D53-A15F-0E1B171166E4}.Release|ARM.ActiveCfg = Release|Any CPU
		{79FA7360-627F-4D53-A15F-0E1B171166E4}.Release|ARM.Build.0 = Release|Any CPU
		{79FA7360-627F-4D53-A15F-0E1B171166E4}.Release|iPhone.ActiveCfg = Release|Any CPU
		{79FA7360-627F-4D53-A15F-0E1B171166E4}.Release|iPhone.Build.0 = Release|Any CPU
		{79FA7360-627F-4D53-A15F-0E1B171166E4}.Release|iPhoneSimulator.ActiveCfg = Release|Any CPU
		{79FA7360-627F-4D53-A15F-0E1B171166E4}.Release|iPhoneSimulator.Build.0 = Release|Any CPU
		{79FA7360-627F-4D53-A15F-0E1B171166E4}.Release|x64.ActiveCfg = Release|Any CPU
		{79FA7360-627F-4D53-A15F-0E1B171166E4}.Release|x64.Build.0 = Release|Any CPU
		{79FA7360-627F-4D53-A15F-0E1B171166E4}.Release|x86.ActiveCfg = Release|Any CPU
		{79FA7360-627F-4D53-A15F-0E1B171166E4}.Release|x86.Build.0 = Release|Any CPU
		{B63E97A0-55D2-4E89-9C0C-F2A3B346470F}.Ad-Hoc|Any CPU.ActiveCfg = Release|Any CPU
		{B63E97A0-55D2-4E89-9C0C-F2A3B346470F}.Ad-Hoc|Any CPU.Build.0 = Release|Any CPU
		{B63E97A0-55D2-4E89-9C0C-F2A3B346470F}.Ad-Hoc|Any CPU.Deploy.0 = Release|Any CPU
		{B63E97A0-55D2-4E89-9C0C-F2A3B346470F}.Ad-Hoc|ARM.ActiveCfg = Release|Any CPU
		{B63E97A0-55D2-4E89-9C0C-F2A3B346470F}.Ad-Hoc|ARM.Build.0 = Release|Any CPU
		{B63E97A0-55D2-4E89-9C0C-F2A3B346470F}.Ad-Hoc|ARM.Deploy.0 = Release|Any CPU
		{B63E97A0-55D2-4E89-9C0C-F2A3B346470F}.Ad-Hoc|iPhone.ActiveCfg = Release|Any CPU
		{B63E97A0-55D2-4E89-9C0C-F2A3B346470F}.Ad-Hoc|iPhone.Build.0 = Release|Any CPU
		{B63E97A0-55D2-4E89-9C0C-F2A3B346470F}.Ad-Hoc|iPhone.Deploy.0 = Release|Any CPU
		{B63E97A0-55D2-4E89-9C0C-F2A3B346470F}.Ad-Hoc|iPhoneSimulator.ActiveCfg = Release|Any CPU
		{B63E97A0-55D2-4E89-9C0C-F2A3B346470F}.Ad-Hoc|iPhoneSimulator.Build.0 = Release|Any CPU
		{B63E97A0-55D2-4E89-9C0C-F2A3B346470F}.Ad-Hoc|iPhoneSimulator.Deploy.0 = Release|Any CPU
		{B63E97A0-55D2-4E89-9C0C-F2A3B346470F}.Ad-Hoc|x64.ActiveCfg = Release|Any CPU
		{B63E97A0-55D2-4E89-9C0C-F2A3B346470F}.Ad-Hoc|x64.Build.0 = Release|Any CPU
		{B63E97A0-55D2-4E89-9C0C-F2A3B346470F}.Ad-Hoc|x64.Deploy.0 = Release|Any CPU
		{B63E97A0-55D2-4E89-9C0C-F2A3B346470F}.Ad-Hoc|x86.ActiveCfg = Release|Any CPU
		{B63E97A0-55D2-4E89-9C0C-F2A3B346470F}.Ad-Hoc|x86.Build.0 = Release|Any CPU
		{B63E97A0-55D2-4E89-9C0C-F2A3B346470F}.Ad-Hoc|x86.Deploy.0 = Release|Any CPU
		{B63E97A0-55D2-4E89-9C0C-F2A3B346470F}.AppStore|Any CPU.ActiveCfg = Release|Any CPU
		{B63E97A0-55D2-4E89-9C0C-F2A3B346470F}.AppStore|Any CPU.Build.0 = Release|Any CPU
		{B63E97A0-55D2-4E89-9C0C-F2A3B346470F}.AppStore|Any CPU.Deploy.0 = Release|Any CPU
		{B63E97A0-55D2-4E89-9C0C-F2A3B346470F}.AppStore|ARM.ActiveCfg = Release|Any CPU
		{B63E97A0-55D2-4E89-9C0C-F2A3B346470F}.AppStore|ARM.Build.0 = Release|Any CPU
		{B63E97A0-55D2-4E89-9C0C-F2A3B346470F}.AppStore|ARM.Deploy.0 = Release|Any CPU
		{B63E97A0-55D2-4E89-9C0C-F2A3B346470F}.AppStore|iPhone.ActiveCfg = Release|Any CPU
		{B63E97A0-55D2-4E89-9C0C-F2A3B346470F}.AppStore|iPhone.Build.0 = Release|Any CPU
		{B63E97A0-55D2-4E89-9C0C-F2A3B346470F}.AppStore|iPhone.Deploy.0 = Release|Any CPU
		{B63E97A0-55D2-4E89-9C0C-F2A3B346470F}.AppStore|iPhoneSimulator.ActiveCfg = Release|Any CPU
		{B63E97A0-55D2-4E89-9C0C-F2A3B346470F}.AppStore|iPhoneSimulator.Build.0 = Release|Any CPU
		{B63E97A0-55D2-4E89-9C0C-F2A3B346470F}.AppStore|iPhoneSimulator.Deploy.0 = Release|Any CPU
		{B63E97A0-55D2-4E89-9C0C-F2A3B346470F}.AppStore|x64.ActiveCfg = Release|Any CPU
		{B63E97A0-55D2-4E89-9C0C-F2A3B346470F}.AppStore|x64.Build.0 = Release|Any CPU
		{B63E97A0-55D2-4E89-9C0C-F2A3B346470F}.AppStore|x64.Deploy.0 = Release|Any CPU
		{B63E97A0-55D2-4E89-9C0C-F2A3B346470F}.AppStore|x86.ActiveCfg = Release|Any CPU
		{B63E97A0-55D2-4E89-9C0C-F2A3B346470F}.AppStore|x86.Build.0 = Release|Any CPU
		{B63E97A0-55D2-4E89-9C0C-F2A3B346470F}.AppStore|x86.Deploy.0 = Release|Any CPU
		{B63E97A0-55D2-4E89-9C0C-F2A3B346470F}.Debug|Any CPU.ActiveCfg = Debug|Any CPU
		{B63E97A0-55D2-4E89-9C0C-F2A3B346470F}.Debug|Any CPU.Build.0 = Debug|Any CPU
		{B63E97A0-55D2-4E89-9C0C-F2A3B346470F}.Debug|Any CPU.Deploy.0 = Debug|Any CPU
		{B63E97A0-55D2-4E89-9C0C-F2A3B346470F}.Debug|ARM.ActiveCfg = Debug|Any CPU
		{B63E97A0-55D2-4E89-9C0C-F2A3B346470F}.Debug|ARM.Build.0 = Debug|Any CPU
		{B63E97A0-55D2-4E89-9C0C-F2A3B346470F}.Debug|ARM.Deploy.0 = Debug|Any CPU
		{B63E97A0-55D2-4E89-9C0C-F2A3B346470F}.Debug|iPhone.ActiveCfg = Debug|Any CPU
		{B63E97A0-55D2-4E89-9C0C-F2A3B346470F}.Debug|iPhone.Build.0 = Debug|Any CPU
		{B63E97A0-55D2-4E89-9C0C-F2A3B346470F}.Debug|iPhone.Deploy.0 = Debug|Any CPU
		{B63E97A0-55D2-4E89-9C0C-F2A3B346470F}.Debug|iPhoneSimulator.ActiveCfg = Debug|Any CPU
		{B63E97A0-55D2-4E89-9C0C-F2A3B346470F}.Debug|iPhoneSimulator.Build.0 = Debug|Any CPU
		{B63E97A0-55D2-4E89-9C0C-F2A3B346470F}.Debug|iPhoneSimulator.Deploy.0 = Debug|Any CPU
		{B63E97A0-55D2-4E89-9C0C-F2A3B346470F}.Debug|x64.ActiveCfg = Debug|Any CPU
		{B63E97A0-55D2-4E89-9C0C-F2A3B346470F}.Debug|x64.Build.0 = Debug|Any CPU
		{B63E97A0-55D2-4E89-9C0C-F2A3B346470F}.Debug|x64.Deploy.0 = Debug|Any CPU
		{B63E97A0-55D2-4E89-9C0C-F2A3B346470F}.Debug|x86.ActiveCfg = Debug|Any CPU
		{B63E97A0-55D2-4E89-9C0C-F2A3B346470F}.Debug|x86.Build.0 = Debug|Any CPU
		{B63E97A0-55D2-4E89-9C0C-F2A3B346470F}.Debug|x86.Deploy.0 = Debug|Any CPU
		{B63E97A0-55D2-4E89-9C0C-F2A3B346470F}.Release|Any CPU.ActiveCfg = Release|Any CPU
		{B63E97A0-55D2-4E89-9C0C-F2A3B346470F}.Release|Any CPU.Build.0 = Release|Any CPU
		{B63E97A0-55D2-4E89-9C0C-F2A3B346470F}.Release|Any CPU.Deploy.0 = Release|Any CPU
		{B63E97A0-55D2-4E89-9C0C-F2A3B346470F}.Release|ARM.ActiveCfg = Release|Any CPU
		{B63E97A0-55D2-4E89-9C0C-F2A3B346470F}.Release|ARM.Build.0 = Release|Any CPU
		{B63E97A0-55D2-4E89-9C0C-F2A3B346470F}.Release|ARM.Deploy.0 = Release|Any CPU
		{B63E97A0-55D2-4E89-9C0C-F2A3B346470F}.Release|iPhone.ActiveCfg = Release|Any CPU
		{B63E97A0-55D2-4E89-9C0C-F2A3B346470F}.Release|iPhone.Build.0 = Release|Any CPU
		{B63E97A0-55D2-4E89-9C0C-F2A3B346470F}.Release|iPhone.Deploy.0 = Release|Any CPU
		{B63E97A0-55D2-4E89-9C0C-F2A3B346470F}.Release|iPhoneSimulator.ActiveCfg = Release|Any CPU
		{B63E97A0-55D2-4E89-9C0C-F2A3B346470F}.Release|iPhoneSimulator.Build.0 = Release|Any CPU
		{B63E97A0-55D2-4E89-9C0C-F2A3B346470F}.Release|iPhoneSimulator.Deploy.0 = Release|Any CPU
		{B63E97A0-55D2-4E89-9C0C-F2A3B346470F}.Release|x64.ActiveCfg = Release|Any CPU
		{B63E97A0-55D2-4E89-9C0C-F2A3B346470F}.Release|x64.Build.0 = Release|Any CPU
		{B63E97A0-55D2-4E89-9C0C-F2A3B346470F}.Release|x64.Deploy.0 = Release|Any CPU
		{B63E97A0-55D2-4E89-9C0C-F2A3B346470F}.Release|x86.ActiveCfg = Release|Any CPU
		{B63E97A0-55D2-4E89-9C0C-F2A3B346470F}.Release|x86.Build.0 = Release|Any CPU
		{B63E97A0-55D2-4E89-9C0C-F2A3B346470F}.Release|x86.Deploy.0 = Release|Any CPU
		{69AB08B5-91D3-496F-AC7D-E3A2908410E3}.Ad-Hoc|Any CPU.ActiveCfg = Ad-Hoc|iPhone
		{69AB08B5-91D3-496F-AC7D-E3A2908410E3}.Ad-Hoc|ARM.ActiveCfg = Ad-Hoc|iPhone
		{69AB08B5-91D3-496F-AC7D-E3A2908410E3}.Ad-Hoc|iPhone.ActiveCfg = Ad-Hoc|iPhone
		{69AB08B5-91D3-496F-AC7D-E3A2908410E3}.Ad-Hoc|iPhone.Build.0 = Ad-Hoc|iPhone
		{69AB08B5-91D3-496F-AC7D-E3A2908410E3}.Ad-Hoc|iPhoneSimulator.ActiveCfg = Ad-Hoc|iPhoneSimulator
		{69AB08B5-91D3-496F-AC7D-E3A2908410E3}.Ad-Hoc|iPhoneSimulator.Build.0 = Ad-Hoc|iPhoneSimulator
		{69AB08B5-91D3-496F-AC7D-E3A2908410E3}.Ad-Hoc|x64.ActiveCfg = Ad-Hoc|iPhone
		{69AB08B5-91D3-496F-AC7D-E3A2908410E3}.Ad-Hoc|x86.ActiveCfg = Ad-Hoc|iPhone
		{69AB08B5-91D3-496F-AC7D-E3A2908410E3}.AppStore|Any CPU.ActiveCfg = AppStore|iPhone
		{69AB08B5-91D3-496F-AC7D-E3A2908410E3}.AppStore|ARM.ActiveCfg = AppStore|iPhone
		{69AB08B5-91D3-496F-AC7D-E3A2908410E3}.AppStore|iPhone.ActiveCfg = AppStore|iPhone
		{69AB08B5-91D3-496F-AC7D-E3A2908410E3}.AppStore|iPhone.Build.0 = AppStore|iPhone
		{69AB08B5-91D3-496F-AC7D-E3A2908410E3}.AppStore|iPhoneSimulator.ActiveCfg = AppStore|iPhoneSimulator
		{69AB08B5-91D3-496F-AC7D-E3A2908410E3}.AppStore|iPhoneSimulator.Build.0 = AppStore|iPhoneSimulator
		{69AB08B5-91D3-496F-AC7D-E3A2908410E3}.AppStore|x64.ActiveCfg = AppStore|iPhone
		{69AB08B5-91D3-496F-AC7D-E3A2908410E3}.AppStore|x86.ActiveCfg = AppStore|iPhone
		{69AB08B5-91D3-496F-AC7D-E3A2908410E3}.Debug|Any CPU.ActiveCfg = Debug|iPhone
		{69AB08B5-91D3-496F-AC7D-E3A2908410E3}.Debug|ARM.ActiveCfg = Debug|iPhone
		{69AB08B5-91D3-496F-AC7D-E3A2908410E3}.Debug|iPhone.ActiveCfg = Debug|iPhone
		{69AB08B5-91D3-496F-AC7D-E3A2908410E3}.Debug|iPhone.Build.0 = Debug|iPhone
		{69AB08B5-91D3-496F-AC7D-E3A2908410E3}.Debug|iPhoneSimulator.ActiveCfg = Debug|iPhoneSimulator
		{69AB08B5-91D3-496F-AC7D-E3A2908410E3}.Debug|iPhoneSimulator.Build.0 = Debug|iPhoneSimulator
		{69AB08B5-91D3-496F-AC7D-E3A2908410E3}.Debug|x64.ActiveCfg = Debug|iPhone
		{69AB08B5-91D3-496F-AC7D-E3A2908410E3}.Debug|x86.ActiveCfg = Debug|iPhone
		{69AB08B5-91D3-496F-AC7D-E3A2908410E3}.Release|Any CPU.ActiveCfg = Release|iPhone
		{69AB08B5-91D3-496F-AC7D-E3A2908410E3}.Release|ARM.ActiveCfg = Release|iPhone
		{69AB08B5-91D3-496F-AC7D-E3A2908410E3}.Release|iPhone.ActiveCfg = Release|iPhone
		{69AB08B5-91D3-496F-AC7D-E3A2908410E3}.Release|iPhone.Build.0 = Release|iPhone
		{69AB08B5-91D3-496F-AC7D-E3A2908410E3}.Release|iPhoneSimulator.ActiveCfg = Release|iPhoneSimulator
		{69AB08B5-91D3-496F-AC7D-E3A2908410E3}.Release|iPhoneSimulator.Build.0 = Release|iPhoneSimulator
		{69AB08B5-91D3-496F-AC7D-E3A2908410E3}.Release|x64.ActiveCfg = Release|iPhone
		{69AB08B5-91D3-496F-AC7D-E3A2908410E3}.Release|x86.ActiveCfg = Release|iPhone
		{9243CC35-84D1-4AB5-90E9-71D9C9A094E4}.Ad-Hoc|Any CPU.ActiveCfg = Release|Any CPU
		{9243CC35-84D1-4AB5-90E9-71D9C9A094E4}.Ad-Hoc|Any CPU.Build.0 = Release|Any CPU
		{9243CC35-84D1-4AB5-90E9-71D9C9A094E4}.Ad-Hoc|Any CPU.Deploy.0 = Release|Any CPU
		{9243CC35-84D1-4AB5-90E9-71D9C9A094E4}.Ad-Hoc|ARM.ActiveCfg = Release|ARM
		{9243CC35-84D1-4AB5-90E9-71D9C9A094E4}.Ad-Hoc|ARM.Build.0 = Release|ARM
		{9243CC35-84D1-4AB5-90E9-71D9C9A094E4}.Ad-Hoc|ARM.Deploy.0 = Release|ARM
		{9243CC35-84D1-4AB5-90E9-71D9C9A094E4}.Ad-Hoc|iPhone.ActiveCfg = Release|Any CPU
		{9243CC35-84D1-4AB5-90E9-71D9C9A094E4}.Ad-Hoc|iPhone.Build.0 = Release|Any CPU
		{9243CC35-84D1-4AB5-90E9-71D9C9A094E4}.Ad-Hoc|iPhone.Deploy.0 = Release|Any CPU
		{9243CC35-84D1-4AB5-90E9-71D9C9A094E4}.Ad-Hoc|iPhoneSimulator.ActiveCfg = Release|Any CPU
		{9243CC35-84D1-4AB5-90E9-71D9C9A094E4}.Ad-Hoc|iPhoneSimulator.Build.0 = Release|Any CPU
		{9243CC35-84D1-4AB5-90E9-71D9C9A094E4}.Ad-Hoc|iPhoneSimulator.Deploy.0 = Release|Any CPU
		{9243CC35-84D1-4AB5-90E9-71D9C9A094E4}.Ad-Hoc|x64.ActiveCfg = Release|Any CPU
		{9243CC35-84D1-4AB5-90E9-71D9C9A094E4}.Ad-Hoc|x64.Build.0 = Release|Any CPU
		{9243CC35-84D1-4AB5-90E9-71D9C9A094E4}.Ad-Hoc|x64.Deploy.0 = Release|Any CPU
		{9243CC35-84D1-4AB5-90E9-71D9C9A094E4}.Ad-Hoc|x86.ActiveCfg = Release|x86
		{9243CC35-84D1-4AB5-90E9-71D9C9A094E4}.Ad-Hoc|x86.Build.0 = Release|x86
		{9243CC35-84D1-4AB5-90E9-71D9C9A094E4}.Ad-Hoc|x86.Deploy.0 = Release|x86
		{9243CC35-84D1-4AB5-90E9-71D9C9A094E4}.AppStore|Any CPU.ActiveCfg = Release|Any CPU
		{9243CC35-84D1-4AB5-90E9-71D9C9A094E4}.AppStore|Any CPU.Build.0 = Release|Any CPU
		{9243CC35-84D1-4AB5-90E9-71D9C9A094E4}.AppStore|Any CPU.Deploy.0 = Release|Any CPU
		{9243CC35-84D1-4AB5-90E9-71D9C9A094E4}.AppStore|ARM.ActiveCfg = Release|ARM
		{9243CC35-84D1-4AB5-90E9-71D9C9A094E4}.AppStore|ARM.Build.0 = Release|ARM
		{9243CC35-84D1-4AB5-90E9-71D9C9A094E4}.AppStore|ARM.Deploy.0 = Release|ARM
		{9243CC35-84D1-4AB5-90E9-71D9C9A094E4}.AppStore|iPhone.ActiveCfg = Release|Any CPU
		{9243CC35-84D1-4AB5-90E9-71D9C9A094E4}.AppStore|iPhone.Build.0 = Release|Any CPU
		{9243CC35-84D1-4AB5-90E9-71D9C9A094E4}.AppStore|iPhone.Deploy.0 = Release|Any CPU
		{9243CC35-84D1-4AB5-90E9-71D9C9A094E4}.AppStore|iPhoneSimulator.ActiveCfg = Release|Any CPU
		{9243CC35-84D1-4AB5-90E9-71D9C9A094E4}.AppStore|iPhoneSimulator.Build.0 = Release|Any CPU
		{9243CC35-84D1-4AB5-90E9-71D9C9A094E4}.AppStore|iPhoneSimulator.Deploy.0 = Release|Any CPU
		{9243CC35-84D1-4AB5-90E9-71D9C9A094E4}.AppStore|x64.ActiveCfg = Release|Any CPU
		{9243CC35-84D1-4AB5-90E9-71D9C9A094E4}.AppStore|x64.Build.0 = Release|Any CPU
		{9243CC35-84D1-4AB5-90E9-71D9C9A094E4}.AppStore|x64.Deploy.0 = Release|Any CPU
		{9243CC35-84D1-4AB5-90E9-71D9C9A094E4}.AppStore|x86.ActiveCfg = Release|x86
		{9243CC35-84D1-4AB5-90E9-71D9C9A094E4}.AppStore|x86.Build.0 = Release|x86
		{9243CC35-84D1-4AB5-90E9-71D9C9A094E4}.AppStore|x86.Deploy.0 = Release|x86
		{9243CC35-84D1-4AB5-90E9-71D9C9A094E4}.Debug|Any CPU.ActiveCfg = Debug|Any CPU
		{9243CC35-84D1-4AB5-90E9-71D9C9A094E4}.Debug|Any CPU.Build.0 = Debug|Any CPU
		{9243CC35-84D1-4AB5-90E9-71D9C9A094E4}.Debug|Any CPU.Deploy.0 = Debug|Any CPU
		{9243CC35-84D1-4AB5-90E9-71D9C9A094E4}.Debug|ARM.ActiveCfg = Debug|ARM
		{9243CC35-84D1-4AB5-90E9-71D9C9A094E4}.Debug|ARM.Build.0 = Debug|ARM
		{9243CC35-84D1-4AB5-90E9-71D9C9A094E4}.Debug|ARM.Deploy.0 = Debug|ARM
		{9243CC35-84D1-4AB5-90E9-71D9C9A094E4}.Debug|iPhone.ActiveCfg = Debug|Any CPU
		{9243CC35-84D1-4AB5-90E9-71D9C9A094E4}.Debug|iPhone.Build.0 = Debug|Any CPU
		{9243CC35-84D1-4AB5-90E9-71D9C9A094E4}.Debug|iPhone.Deploy.0 = Debug|Any CPU
		{9243CC35-84D1-4AB5-90E9-71D9C9A094E4}.Debug|iPhoneSimulator.ActiveCfg = Debug|Any CPU
		{9243CC35-84D1-4AB5-90E9-71D9C9A094E4}.Debug|iPhoneSimulator.Build.0 = Debug|Any CPU
		{9243CC35-84D1-4AB5-90E9-71D9C9A094E4}.Debug|iPhoneSimulator.Deploy.0 = Debug|Any CPU
		{9243CC35-84D1-4AB5-90E9-71D9C9A094E4}.Debug|x64.ActiveCfg = Debug|Any CPU
		{9243CC35-84D1-4AB5-90E9-71D9C9A094E4}.Debug|x64.Build.0 = Debug|Any CPU
		{9243CC35-84D1-4AB5-90E9-71D9C9A094E4}.Debug|x64.Deploy.0 = Debug|Any CPU
		{9243CC35-84D1-4AB5-90E9-71D9C9A094E4}.Debug|x86.ActiveCfg = Debug|x86
		{9243CC35-84D1-4AB5-90E9-71D9C9A094E4}.Debug|x86.Build.0 = Debug|x86
		{9243CC35-84D1-4AB5-90E9-71D9C9A094E4}.Debug|x86.Deploy.0 = Debug|x86
		{9243CC35-84D1-4AB5-90E9-71D9C9A094E4}.Release|Any CPU.ActiveCfg = Release|Any CPU
		{9243CC35-84D1-4AB5-90E9-71D9C9A094E4}.Release|Any CPU.Build.0 = Release|Any CPU
		{9243CC35-84D1-4AB5-90E9-71D9C9A094E4}.Release|Any CPU.Deploy.0 = Release|Any CPU
		{9243CC35-84D1-4AB5-90E9-71D9C9A094E4}.Release|ARM.ActiveCfg = Release|ARM
		{9243CC35-84D1-4AB5-90E9-71D9C9A094E4}.Release|ARM.Build.0 = Release|ARM
		{9243CC35-84D1-4AB5-90E9-71D9C9A094E4}.Release|ARM.Deploy.0 = Release|ARM
		{9243CC35-84D1-4AB5-90E9-71D9C9A094E4}.Release|iPhone.ActiveCfg = Release|Any CPU
		{9243CC35-84D1-4AB5-90E9-71D9C9A094E4}.Release|iPhone.Build.0 = Release|Any CPU
		{9243CC35-84D1-4AB5-90E9-71D9C9A094E4}.Release|iPhone.Deploy.0 = Release|Any CPU
		{9243CC35-84D1-4AB5-90E9-71D9C9A094E4}.Release|iPhoneSimulator.ActiveCfg = Release|Any CPU
		{9243CC35-84D1-4AB5-90E9-71D9C9A094E4}.Release|iPhoneSimulator.Build.0 = Release|Any CPU
		{9243CC35-84D1-4AB5-90E9-71D9C9A094E4}.Release|iPhoneSimulator.Deploy.0 = Release|Any CPU
		{9243CC35-84D1-4AB5-90E9-71D9C9A094E4}.Release|x64.ActiveCfg = Release|Any CPU
		{9243CC35-84D1-4AB5-90E9-71D9C9A094E4}.Release|x64.Build.0 = Release|Any CPU
		{9243CC35-84D1-4AB5-90E9-71D9C9A094E4}.Release|x64.Deploy.0 = Release|Any CPU
		{9243CC35-84D1-4AB5-90E9-71D9C9A094E4}.Release|x86.ActiveCfg = Release|x86
		{9243CC35-84D1-4AB5-90E9-71D9C9A094E4}.Release|x86.Build.0 = Release|x86
		{9243CC35-84D1-4AB5-90E9-71D9C9A094E4}.Release|x86.Deploy.0 = Release|x86
		{B1E710CA-DD3E-4B93-B41B-5FDFFE4ECFE2}.Ad-Hoc|Any CPU.ActiveCfg = Release|Any CPU
		{B1E710CA-DD3E-4B93-B41B-5FDFFE4ECFE2}.Ad-Hoc|Any CPU.Build.0 = Release|Any CPU
		{B1E710CA-DD3E-4B93-B41B-5FDFFE4ECFE2}.Ad-Hoc|Any CPU.Deploy.0 = Release|Any CPU
		{B1E710CA-DD3E-4B93-B41B-5FDFFE4ECFE2}.Ad-Hoc|ARM.ActiveCfg = Release|ARM
		{B1E710CA-DD3E-4B93-B41B-5FDFFE4ECFE2}.Ad-Hoc|ARM.Build.0 = Release|ARM
		{B1E710CA-DD3E-4B93-B41B-5FDFFE4ECFE2}.Ad-Hoc|ARM.Deploy.0 = Release|ARM
		{B1E710CA-DD3E-4B93-B41B-5FDFFE4ECFE2}.Ad-Hoc|iPhone.ActiveCfg = Release|Any CPU
		{B1E710CA-DD3E-4B93-B41B-5FDFFE4ECFE2}.Ad-Hoc|iPhone.Build.0 = Release|Any CPU
		{B1E710CA-DD3E-4B93-B41B-5FDFFE4ECFE2}.Ad-Hoc|iPhone.Deploy.0 = Release|Any CPU
		{B1E710CA-DD3E-4B93-B41B-5FDFFE4ECFE2}.Ad-Hoc|iPhoneSimulator.ActiveCfg = Release|Any CPU
		{B1E710CA-DD3E-4B93-B41B-5FDFFE4ECFE2}.Ad-Hoc|iPhoneSimulator.Build.0 = Release|Any CPU
		{B1E710CA-DD3E-4B93-B41B-5FDFFE4ECFE2}.Ad-Hoc|iPhoneSimulator.Deploy.0 = Release|Any CPU
		{B1E710CA-DD3E-4B93-B41B-5FDFFE4ECFE2}.Ad-Hoc|x64.ActiveCfg = Release|x64
		{B1E710CA-DD3E-4B93-B41B-5FDFFE4ECFE2}.Ad-Hoc|x64.Build.0 = Release|x64
		{B1E710CA-DD3E-4B93-B41B-5FDFFE4ECFE2}.Ad-Hoc|x64.Deploy.0 = Release|x64
		{B1E710CA-DD3E-4B93-B41B-5FDFFE4ECFE2}.Ad-Hoc|x86.ActiveCfg = Release|x86
		{B1E710CA-DD3E-4B93-B41B-5FDFFE4ECFE2}.Ad-Hoc|x86.Build.0 = Release|x86
		{B1E710CA-DD3E-4B93-B41B-5FDFFE4ECFE2}.Ad-Hoc|x86.Deploy.0 = Release|x86
		{B1E710CA-DD3E-4B93-B41B-5FDFFE4ECFE2}.AppStore|Any CPU.ActiveCfg = Release|Any CPU
		{B1E710CA-DD3E-4B93-B41B-5FDFFE4ECFE2}.AppStore|Any CPU.Build.0 = Release|Any CPU
		{B1E710CA-DD3E-4B93-B41B-5FDFFE4ECFE2}.AppStore|Any CPU.Deploy.0 = Release|Any CPU
		{B1E710CA-DD3E-4B93-B41B-5FDFFE4ECFE2}.AppStore|ARM.ActiveCfg = Release|ARM
		{B1E710CA-DD3E-4B93-B41B-5FDFFE4ECFE2}.AppStore|ARM.Build.0 = Release|ARM
		{B1E710CA-DD3E-4B93-B41B-5FDFFE4ECFE2}.AppStore|ARM.Deploy.0 = Release|ARM
		{B1E710CA-DD3E-4B93-B41B-5FDFFE4ECFE2}.AppStore|iPhone.ActiveCfg = Release|Any CPU
		{B1E710CA-DD3E-4B93-B41B-5FDFFE4ECFE2}.AppStore|iPhone.Build.0 = Release|Any CPU
		{B1E710CA-DD3E-4B93-B41B-5FDFFE4ECFE2}.AppStore|iPhone.Deploy.0 = Release|Any CPU
		{B1E710CA-DD3E-4B93-B41B-5FDFFE4ECFE2}.AppStore|iPhoneSimulator.ActiveCfg = Release|Any CPU
		{B1E710CA-DD3E-4B93-B41B-5FDFFE4ECFE2}.AppStore|iPhoneSimulator.Build.0 = Release|Any CPU
		{B1E710CA-DD3E-4B93-B41B-5FDFFE4ECFE2}.AppStore|iPhoneSimulator.Deploy.0 = Release|Any CPU
		{B1E710CA-DD3E-4B93-B41B-5FDFFE4ECFE2}.AppStore|x64.ActiveCfg = Release|x64
		{B1E710CA-DD3E-4B93-B41B-5FDFFE4ECFE2}.AppStore|x64.Build.0 = Release|x64
		{B1E710CA-DD3E-4B93-B41B-5FDFFE4ECFE2}.AppStore|x64.Deploy.0 = Release|x64
		{B1E710CA-DD3E-4B93-B41B-5FDFFE4ECFE2}.AppStore|x86.ActiveCfg = Release|x86
		{B1E710CA-DD3E-4B93-B41B-5FDFFE4ECFE2}.AppStore|x86.Build.0 = Release|x86
		{B1E710CA-DD3E-4B93-B41B-5FDFFE4ECFE2}.AppStore|x86.Deploy.0 = Release|x86
		{B1E710CA-DD3E-4B93-B41B-5FDFFE4ECFE2}.Debug|Any CPU.ActiveCfg = Debug|Any CPU
		{B1E710CA-DD3E-4B93-B41B-5FDFFE4ECFE2}.Debug|Any CPU.Build.0 = Debug|Any CPU
		{B1E710CA-DD3E-4B93-B41B-5FDFFE4ECFE2}.Debug|Any CPU.Deploy.0 = Debug|Any CPU
		{B1E710CA-DD3E-4B93-B41B-5FDFFE4ECFE2}.Debug|ARM.ActiveCfg = Debug|ARM
		{B1E710CA-DD3E-4B93-B41B-5FDFFE4ECFE2}.Debug|ARM.Build.0 = Debug|ARM
		{B1E710CA-DD3E-4B93-B41B-5FDFFE4ECFE2}.Debug|ARM.Deploy.0 = Debug|ARM
		{B1E710CA-DD3E-4B93-B41B-5FDFFE4ECFE2}.Debug|iPhone.ActiveCfg = Debug|Any CPU
		{B1E710CA-DD3E-4B93-B41B-5FDFFE4ECFE2}.Debug|iPhone.Build.0 = Debug|Any CPU
		{B1E710CA-DD3E-4B93-B41B-5FDFFE4ECFE2}.Debug|iPhone.Deploy.0 = Debug|Any CPU
		{B1E710CA-DD3E-4B93-B41B-5FDFFE4ECFE2}.Debug|iPhoneSimulator.ActiveCfg = Debug|Any CPU
		{B1E710CA-DD3E-4B93-B41B-5FDFFE4ECFE2}.Debug|iPhoneSimulator.Build.0 = Debug|Any CPU
		{B1E710CA-DD3E-4B93-B41B-5FDFFE4ECFE2}.Debug|iPhoneSimulator.Deploy.0 = Debug|Any CPU
		{B1E710CA-DD3E-4B93-B41B-5FDFFE4ECFE2}.Debug|x64.ActiveCfg = Debug|x64
		{B1E710CA-DD3E-4B93-B41B-5FDFFE4ECFE2}.Debug|x64.Build.0 = Debug|x64
		{B1E710CA-DD3E-4B93-B41B-5FDFFE4ECFE2}.Debug|x64.Deploy.0 = Debug|x64
		{B1E710CA-DD3E-4B93-B41B-5FDFFE4ECFE2}.Debug|x86.ActiveCfg = Debug|x86
		{B1E710CA-DD3E-4B93-B41B-5FDFFE4ECFE2}.Debug|x86.Build.0 = Debug|x86
		{B1E710CA-DD3E-4B93-B41B-5FDFFE4ECFE2}.Debug|x86.Deploy.0 = Debug|x86
		{B1E710CA-DD3E-4B93-B41B-5FDFFE4ECFE2}.Release|Any CPU.ActiveCfg = Release|Any CPU
		{B1E710CA-DD3E-4B93-B41B-5FDFFE4ECFE2}.Release|Any CPU.Build.0 = Release|Any CPU
		{B1E710CA-DD3E-4B93-B41B-5FDFFE4ECFE2}.Release|Any CPU.Deploy.0 = Release|Any CPU
		{B1E710CA-DD3E-4B93-B41B-5FDFFE4ECFE2}.Release|ARM.ActiveCfg = Release|ARM
		{B1E710CA-DD3E-4B93-B41B-5FDFFE4ECFE2}.Release|ARM.Build.0 = Release|ARM
		{B1E710CA-DD3E-4B93-B41B-5FDFFE4ECFE2}.Release|ARM.Deploy.0 = Release|ARM
		{B1E710CA-DD3E-4B93-B41B-5FDFFE4ECFE2}.Release|iPhone.ActiveCfg = Release|Any CPU
		{B1E710CA-DD3E-4B93-B41B-5FDFFE4ECFE2}.Release|iPhone.Build.0 = Release|Any CPU
		{B1E710CA-DD3E-4B93-B41B-5FDFFE4ECFE2}.Release|iPhone.Deploy.0 = Release|Any CPU
		{B1E710CA-DD3E-4B93-B41B-5FDFFE4ECFE2}.Release|iPhoneSimulator.ActiveCfg = Release|Any CPU
		{B1E710CA-DD3E-4B93-B41B-5FDFFE4ECFE2}.Release|iPhoneSimulator.Build.0 = Release|Any CPU
		{B1E710CA-DD3E-4B93-B41B-5FDFFE4ECFE2}.Release|iPhoneSimulator.Deploy.0 = Release|Any CPU
		{B1E710CA-DD3E-4B93-B41B-5FDFFE4ECFE2}.Release|x64.ActiveCfg = Release|x64
		{B1E710CA-DD3E-4B93-B41B-5FDFFE4ECFE2}.Release|x64.Build.0 = Release|x64
		{B1E710CA-DD3E-4B93-B41B-5FDFFE4ECFE2}.Release|x64.Deploy.0 = Release|x64
		{B1E710CA-DD3E-4B93-B41B-5FDFFE4ECFE2}.Release|x86.ActiveCfg = Release|x86
		{B1E710CA-DD3E-4B93-B41B-5FDFFE4ECFE2}.Release|x86.Build.0 = Release|x86
		{B1E710CA-DD3E-4B93-B41B-5FDFFE4ECFE2}.Release|x86.Deploy.0 = Release|x86
		{C304A675-66E2-443B-AF0E-DE42136EC068}.Ad-Hoc|Any CPU.ActiveCfg = Release|Any CPU
		{C304A675-66E2-443B-AF0E-DE42136EC068}.Ad-Hoc|Any CPU.Build.0 = Release|Any CPU
		{C304A675-66E2-443B-AF0E-DE42136EC068}.Ad-Hoc|ARM.ActiveCfg = Release|Any CPU
		{C304A675-66E2-443B-AF0E-DE42136EC068}.Ad-Hoc|ARM.Build.0 = Release|Any CPU
		{C304A675-66E2-443B-AF0E-DE42136EC068}.Ad-Hoc|iPhone.ActiveCfg = Release|Any CPU
		{C304A675-66E2-443B-AF0E-DE42136EC068}.Ad-Hoc|iPhone.Build.0 = Release|Any CPU
		{C304A675-66E2-443B-AF0E-DE42136EC068}.Ad-Hoc|iPhoneSimulator.ActiveCfg = Release|Any CPU
		{C304A675-66E2-443B-AF0E-DE42136EC068}.Ad-Hoc|iPhoneSimulator.Build.0 = Release|Any CPU
		{C304A675-66E2-443B-AF0E-DE42136EC068}.Ad-Hoc|x64.ActiveCfg = Release|Any CPU
		{C304A675-66E2-443B-AF0E-DE42136EC068}.Ad-Hoc|x64.Build.0 = Release|Any CPU
		{C304A675-66E2-443B-AF0E-DE42136EC068}.Ad-Hoc|x86.ActiveCfg = Release|Any CPU
		{C304A675-66E2-443B-AF0E-DE42136EC068}.Ad-Hoc|x86.Build.0 = Release|Any CPU
		{C304A675-66E2-443B-AF0E-DE42136EC068}.AppStore|Any CPU.ActiveCfg = Release|Any CPU
		{C304A675-66E2-443B-AF0E-DE42136EC068}.AppStore|Any CPU.Build.0 = Release|Any CPU
		{C304A675-66E2-443B-AF0E-DE42136EC068}.AppStore|ARM.ActiveCfg = Release|Any CPU
		{C304A675-66E2-443B-AF0E-DE42136EC068}.AppStore|ARM.Build.0 = Release|Any CPU
		{C304A675-66E2-443B-AF0E-DE42136EC068}.AppStore|iPhone.ActiveCfg = Release|Any CPU
		{C304A675-66E2-443B-AF0E-DE42136EC068}.AppStore|iPhone.Build.0 = Release|Any CPU
		{C304A675-66E2-443B-AF0E-DE42136EC068}.AppStore|iPhoneSimulator.ActiveCfg = Release|Any CPU
		{C304A675-66E2-443B-AF0E-DE42136EC068}.AppStore|iPhoneSimulator.Build.0 = Release|Any CPU
		{C304A675-66E2-443B-AF0E-DE42136EC068}.AppStore|x64.ActiveCfg = Release|Any CPU
		{C304A675-66E2-443B-AF0E-DE42136EC068}.AppStore|x64.Build.0 = Release|Any CPU
		{C304A675-66E2-443B-AF0E-DE42136EC068}.AppStore|x86.ActiveCfg = Release|Any CPU
		{C304A675-66E2-443B-AF0E-DE42136EC068}.AppStore|x86.Build.0 = Release|Any CPU
		{C304A675-66E2-443B-AF0E-DE42136EC068}.Debug|Any CPU.ActiveCfg = Debug|Any CPU
		{C304A675-66E2-443B-AF0E-DE42136EC068}.Debug|Any CPU.Build.0 = Debug|Any CPU
		{C304A675-66E2-443B-AF0E-DE42136EC068}.Debug|ARM.ActiveCfg = Debug|Any CPU
		{C304A675-66E2-443B-AF0E-DE42136EC068}.Debug|ARM.Build.0 = Debug|Any CPU
		{C304A675-66E2-443B-AF0E-DE42136EC068}.Debug|iPhone.ActiveCfg = Debug|Any CPU
		{C304A675-66E2-443B-AF0E-DE42136EC068}.Debug|iPhone.Build.0 = Debug|Any CPU
		{C304A675-66E2-443B-AF0E-DE42136EC068}.Debug|iPhoneSimulator.ActiveCfg = Debug|Any CPU
		{C304A675-66E2-443B-AF0E-DE42136EC068}.Debug|iPhoneSimulator.Build.0 = Debug|Any CPU
		{C304A675-66E2-443B-AF0E-DE42136EC068}.Debug|x64.ActiveCfg = Debug|Any CPU
		{C304A675-66E2-443B-AF0E-DE42136EC068}.Debug|x64.Build.0 = Debug|Any CPU
		{C304A675-66E2-443B-AF0E-DE42136EC068}.Debug|x86.ActiveCfg = Debug|Any CPU
		{C304A675-66E2-443B-AF0E-DE42136EC068}.Debug|x86.Build.0 = Debug|Any CPU
		{C304A675-66E2-443B-AF0E-DE42136EC068}.Release|Any CPU.ActiveCfg = Release|Any CPU
		{C304A675-66E2-443B-AF0E-DE42136EC068}.Release|Any CPU.Build.0 = Release|Any CPU
		{C304A675-66E2-443B-AF0E-DE42136EC068}.Release|ARM.ActiveCfg = Release|Any CPU
		{C304A675-66E2-443B-AF0E-DE42136EC068}.Release|ARM.Build.0 = Release|Any CPU
		{C304A675-66E2-443B-AF0E-DE42136EC068}.Release|iPhone.ActiveCfg = Release|Any CPU
		{C304A675-66E2-443B-AF0E-DE42136EC068}.Release|iPhone.Build.0 = Release|Any CPU
		{C304A675-66E2-443B-AF0E-DE42136EC068}.Release|iPhoneSimulator.ActiveCfg = Release|Any CPU
		{C304A675-66E2-443B-AF0E-DE42136EC068}.Release|iPhoneSimulator.Build.0 = Release|Any CPU
		{C304A675-66E2-443B-AF0E-DE42136EC068}.Release|x64.ActiveCfg = Release|Any CPU
		{C304A675-66E2-443B-AF0E-DE42136EC068}.Release|x64.Build.0 = Release|Any CPU
		{C304A675-66E2-443B-AF0E-DE42136EC068}.Release|x86.ActiveCfg = Release|Any CPU
		{C304A675-66E2-443B-AF0E-DE42136EC068}.Release|x86.Build.0 = Release|Any CPU
		{DAF8E901-8180-442E-96DC-7FC5BE1807D7}.Ad-Hoc|Any CPU.ActiveCfg = Release|Any CPU
		{DAF8E901-8180-442E-96DC-7FC5BE1807D7}.Ad-Hoc|Any CPU.Build.0 = Release|Any CPU
		{DAF8E901-8180-442E-96DC-7FC5BE1807D7}.Ad-Hoc|ARM.ActiveCfg = Release|Any CPU
		{DAF8E901-8180-442E-96DC-7FC5BE1807D7}.Ad-Hoc|ARM.Build.0 = Release|Any CPU
		{DAF8E901-8180-442E-96DC-7FC5BE1807D7}.Ad-Hoc|iPhone.ActiveCfg = Release|Any CPU
		{DAF8E901-8180-442E-96DC-7FC5BE1807D7}.Ad-Hoc|iPhone.Build.0 = Release|Any CPU
		{DAF8E901-8180-442E-96DC-7FC5BE1807D7}.Ad-Hoc|iPhoneSimulator.ActiveCfg = Release|Any CPU
		{DAF8E901-8180-442E-96DC-7FC5BE1807D7}.Ad-Hoc|iPhoneSimulator.Build.0 = Release|Any CPU
		{DAF8E901-8180-442E-96DC-7FC5BE1807D7}.Ad-Hoc|x64.ActiveCfg = Release|Any CPU
		{DAF8E901-8180-442E-96DC-7FC5BE1807D7}.Ad-Hoc|x64.Build.0 = Release|Any CPU
		{DAF8E901-8180-442E-96DC-7FC5BE1807D7}.Ad-Hoc|x86.ActiveCfg = Release|Any CPU
		{DAF8E901-8180-442E-96DC-7FC5BE1807D7}.Ad-Hoc|x86.Build.0 = Release|Any CPU
		{DAF8E901-8180-442E-96DC-7FC5BE1807D7}.AppStore|Any CPU.ActiveCfg = Release|Any CPU
		{DAF8E901-8180-442E-96DC-7FC5BE1807D7}.AppStore|Any CPU.Build.0 = Release|Any CPU
		{DAF8E901-8180-442E-96DC-7FC5BE1807D7}.AppStore|ARM.ActiveCfg = Release|Any CPU
		{DAF8E901-8180-442E-96DC-7FC5BE1807D7}.AppStore|ARM.Build.0 = Release|Any CPU
		{DAF8E901-8180-442E-96DC-7FC5BE1807D7}.AppStore|iPhone.ActiveCfg = Release|Any CPU
		{DAF8E901-8180-442E-96DC-7FC5BE1807D7}.AppStore|iPhone.Build.0 = Release|Any CPU
		{DAF8E901-8180-442E-96DC-7FC5BE1807D7}.AppStore|iPhoneSimulator.ActiveCfg = Release|Any CPU
		{DAF8E901-8180-442E-96DC-7FC5BE1807D7}.AppStore|iPhoneSimulator.Build.0 = Release|Any CPU
		{DAF8E901-8180-442E-96DC-7FC5BE1807D7}.AppStore|x64.ActiveCfg = Release|Any CPU
		{DAF8E901-8180-442E-96DC-7FC5BE1807D7}.AppStore|x64.Build.0 = Release|Any CPU
		{DAF8E901-8180-442E-96DC-7FC5BE1807D7}.AppStore|x86.ActiveCfg = Release|Any CPU
		{DAF8E901-8180-442E-96DC-7FC5BE1807D7}.AppStore|x86.Build.0 = Release|Any CPU
		{DAF8E901-8180-442E-96DC-7FC5BE1807D7}.Debug|Any CPU.ActiveCfg = Debug|Any CPU
		{DAF8E901-8180-442E-96DC-7FC5BE1807D7}.Debug|Any CPU.Build.0 = Debug|Any CPU
		{DAF8E901-8180-442E-96DC-7FC5BE1807D7}.Debug|ARM.ActiveCfg = Debug|Any CPU
		{DAF8E901-8180-442E-96DC-7FC5BE1807D7}.Debug|ARM.Build.0 = Debug|Any CPU
		{DAF8E901-8180-442E-96DC-7FC5BE1807D7}.Debug|iPhone.ActiveCfg = Debug|Any CPU
		{DAF8E901-8180-442E-96DC-7FC5BE1807D7}.Debug|iPhone.Build.0 = Debug|Any CPU
		{DAF8E901-8180-442E-96DC-7FC5BE1807D7}.Debug|iPhoneSimulator.ActiveCfg = Debug|Any CPU
		{DAF8E901-8180-442E-96DC-7FC5BE1807D7}.Debug|iPhoneSimulator.Build.0 = Debug|Any CPU
		{DAF8E901-8180-442E-96DC-7FC5BE1807D7}.Debug|x64.ActiveCfg = Debug|Any CPU
		{DAF8E901-8180-442E-96DC-7FC5BE1807D7}.Debug|x64.Build.0 = Debug|Any CPU
		{DAF8E901-8180-442E-96DC-7FC5BE1807D7}.Debug|x86.ActiveCfg = Debug|Any CPU
		{DAF8E901-8180-442E-96DC-7FC5BE1807D7}.Debug|x86.Build.0 = Debug|Any CPU
		{DAF8E901-8180-442E-96DC-7FC5BE1807D7}.Release|Any CPU.ActiveCfg = Release|Any CPU
		{DAF8E901-8180-442E-96DC-7FC5BE1807D7}.Release|Any CPU.Build.0 = Release|Any CPU
		{DAF8E901-8180-442E-96DC-7FC5BE1807D7}.Release|ARM.ActiveCfg = Release|Any CPU
		{DAF8E901-8180-442E-96DC-7FC5BE1807D7}.Release|ARM.Build.0 = Release|Any CPU
		{DAF8E901-8180-442E-96DC-7FC5BE1807D7}.Release|iPhone.ActiveCfg = Release|Any CPU
		{DAF8E901-8180-442E-96DC-7FC5BE1807D7}.Release|iPhone.Build.0 = Release|Any CPU
		{DAF8E901-8180-442E-96DC-7FC5BE1807D7}.Release|iPhoneSimulator.ActiveCfg = Release|Any CPU
		{DAF8E901-8180-442E-96DC-7FC5BE1807D7}.Release|iPhoneSimulator.Build.0 = Release|Any CPU
		{DAF8E901-8180-442E-96DC-7FC5BE1807D7}.Release|x64.ActiveCfg = Release|Any CPU
		{DAF8E901-8180-442E-96DC-7FC5BE1807D7}.Release|x64.Build.0 = Release|Any CPU
		{DAF8E901-8180-442E-96DC-7FC5BE1807D7}.Release|x86.ActiveCfg = Release|Any CPU
		{DAF8E901-8180-442E-96DC-7FC5BE1807D7}.Release|x86.Build.0 = Release|Any CPU
	EndGlobalSection
	GlobalSection(SolutionProperties) = preSolution
		HideSolutionNode = FALSE
	EndGlobalSection
EndGlobal
